
Microsoft Visual Studio Solution File, Format Version 12.00
# Visual Studio Version 16
VisualStudioVersion = 16.0.31424.327
MinimumVisualStudioVersion = 10.0.40219.1
Project("{9A19103F-16F7-4668-BE54-9A1E7A4F7556}") = "RouletteBettingAPI", "RouletteBettingAPI\RouletteBettingAPI.csproj", "{0370413A-E904-4CB0-9C87-7F344C809788}"
EndProject
Project("{9A19103F-16F7-4668-BE54-9A1E7A4F7556}") = "RouletteBettingAPI.Business", "RouletteBettingAPI.Business\RouletteBettingAPI.Business.csproj", "{D3D3CA55-85C2-4DB0-9704-6BCC49AF8F62}"
EndProject
Project("{9A19103F-16F7-4668-BE54-9A1E7A4F7556}") = "RouletteBettingAPI.DataAccess", "RouletteBettingAPI.DataAccess\RouletteBettingAPI.DataAccess.csproj", "{419A4283-D80F-4C9B-AFF1-2A95E39F01F2}"
EndProject
Project("{2150E333-8FDC-42A3-9474-1A3956D46DE8}") = "1 Layers", "1 Layers", "{CB447D7E-62EE-482B-98CA-3E2F1FF5310D}"
EndProject
Project("{2150E333-8FDC-42A3-9474-1A3956D46DE8}") = "1.1 Distributed Services", "1.1 Distributed Services", "{936E6CE0-26D6-4DDA-AF7E-75C5256A08B2}"
EndProject
Project("{2150E333-8FDC-42A3-9474-1A3956D46DE8}") = "1.2 Business", "1.2 Business", "{0CDD7B8F-B891-4219-ACC1-EA1B3E8CDC8C}"
EndProject
Project("{2150E333-8FDC-42A3-9474-1A3956D46DE8}") = "1.3 Data Access", "1.3 Data Access", "{E8D092F3-4C26-4139-9040-0AD1F23FF9E9}"
EndProject
Project("{2150E333-8FDC-42A3-9474-1A3956D46DE8}") = "1.4 Cross Cutting", "1.4 Cross Cutting", "{5AEDF880-BAD3-4CEC-A270-73638FFC6989}"
EndProject
Project("{FAE04EC0-301F-11D3-BF4B-00C04F79EFBC}") = "RouletteBettingAPI.CrossCutting", "RouletteBettingAPI.CrossCutting\RouletteBettingAPI.CrossCutting.csproj", "{3B1ABF3F-5F54-4D7F-A001-FE83FA0BFAC6}"
EndProject
Global
	GlobalSection(SolutionConfigurationPlatforms) = preSolution
		Debug|Any CPU = Debug|Any CPU
		Release|Any CPU = Release|Any CPU
	EndGlobalSection
	GlobalSection(ProjectConfigurationPlatforms) = postSolution
		{0370413A-E904-4CB0-9C87-7F344C809788}.Debug|Any CPU.ActiveCfg = Debug|Any CPU
		{0370413A-E904-4CB0-9C87-7F344C809788}.Debug|Any CPU.Build.0 = Debug|Any CPU
		{0370413A-E904-4CB0-9C87-7F344C809788}.Release|Any CPU.ActiveCfg = Release|Any CPU
		{0370413A-E904-4CB0-9C87-7F344C809788}.Release|Any CPU.Build.0 = Release|Any CPU
		{D3D3CA55-85C2-4DB0-9704-6BCC49AF8F62}.Debug|Any CPU.ActiveCfg = Debug|Any CPU
		{D3D3CA55-85C2-4DB0-9704-6BCC49AF8F62}.Debug|Any CPU.Build.0 = Debug|Any CPU
		{D3D3CA55-85C2-4DB0-9704-6BCC49AF8F62}.Release|Any CPU.ActiveCfg = Release|Any CPU
		{D3D3CA55-85C2-4DB0-9704-6BCC49AF8F62}.Release|Any CPU.Build.0 = Release|Any CPU
		{419A4283-D80F-4C9B-AFF1-2A95E39F01F2}.Debug|Any CPU.ActiveCfg = Debug|Any CPU
		{419A4283-D80F-4C9B-AFF1-2A95E39F01F2}.Debug|Any CPU.Build.0 = Debug|Any CPU
		{419A4283-D80F-4C9B-AFF1-2A95E39F01F2}.Release|Any CPU.ActiveCfg = Release|Any CPU
		{419A4283-D80F-4C9B-AFF1-2A95E39F01F2}.Release|Any CPU.Build.0 = Release|Any CPU
		{3B1ABF3F-5F54-4D7F-A001-FE83FA0BFAC6}.Debug|Any CPU.ActiveCfg = Debug|Any CPU
		{3B1ABF3F-5F54-4D7F-A001-FE83FA0BFAC6}.Debug|Any CPU.Build.0 = Debug|Any CPU
		{3B1ABF3F-5F54-4D7F-A001-FE83FA0BFAC6}.Release|Any CPU.ActiveCfg = Release|Any CPU
		{3B1ABF3F-5F54-4D7F-A001-FE83FA0BFAC6}.Release|Any CPU.Build.0 = Release|Any CPU
	EndGlobalSection
	GlobalSection(SolutionProperties) = preSolution
		HideSolutionNode = FALSE
	EndGlobalSection
	GlobalSection(NestedProjects) = preSolution
		{0370413A-E904-4CB0-9C87-7F344C809788} = {936E6CE0-26D6-4DDA-AF7E-75C5256A08B2}
		{D3D3CA55-85C2-4DB0-9704-6BCC49AF8F62} = {0CDD7B8F-B891-4219-ACC1-EA1B3E8CDC8C}
		{419A4283-D80F-4C9B-AFF1-2A95E39F01F2} = {E8D092F3-4C26-4139-9040-0AD1F23FF9E9}
		{936E6CE0-26D6-4DDA-AF7E-75C5256A08B2} = {CB447D7E-62EE-482B-98CA-3E2F1FF5310D}
		{0CDD7B8F-B891-4219-ACC1-EA1B3E8CDC8C} = {CB447D7E-62EE-482B-98CA-3E2F1FF5310D}
		{E8D092F3-4C26-4139-9040-0AD1F23FF9E9} = {CB447D7E-62EE-482B-98CA-3E2F1FF5310D}
		{5AEDF880-BAD3-4CEC-A270-73638FFC6989} = {CB447D7E-62EE-482B-98CA-3E2F1FF5310D}
		{3B1ABF3F-5F54-4D7F-A001-FE83FA0BFAC6} = {5AEDF880-BAD3-4CEC-A270-73638FFC6989}
	EndGlobalSection
	GlobalSection(ExtensibilityGlobals) = postSolution
		SolutionGuid = {AB27E196-9E0E-4AED-A9DB-ABF0CADCF17C}
	EndGlobalSection
EndGlobal
